
Microsoft Visual Studio Solution File, Format Version 12.00
# Visual Studio Version 17
VisualStudioVersion = 17.9.34321.82
MinimumVisualStudioVersion = 10.0.40219.1
Project("{FAE04EC0-301F-11D3-BF4B-00C04F79EFBC}") = "Forecast", "Forecast\Forecast.csproj", "{646891CD-F1DA-449E-85A8-C8FE4DC27B19}"
EndProject
Global
	GlobalSection(SolutionConfigurationPlatforms) = preSolution
		Debug|Any CPU = Debug|Any CPU
		Release|Any CPU = Release|Any CPU
	EndGlobalSection
	GlobalSection(ProjectConfigurationPlatforms) = postSolution
		{646891CD-F1DA-449E-85A8-C8FE4DC27B19}.Debug|Any CPU.ActiveCfg = Debug|Any CPU
		{646891CD-F1DA-449E-85A8-C8FE4DC27B19}.Debug|Any CPU.Build.0 = Debug|Any CPU
		{646891CD-F1DA-449E-85A8-C8FE4DC27B19}.Release|Any CPU.ActiveCfg = Release|Any CPU
		{646891CD-F1DA-449E-85A8-C8FE4DC27B19}.Release|Any CPU.Build.0 = Release|Any CPU
	EndGlobalSection
	GlobalSection(SolutionProperties) = preSolution
		HideSolutionNode = FALSE
	EndGlobalSection
	GlobalSection(ExtensibilityGlobals) = postSolution
		SolutionGuid = {A92C9B63-BAB2-46B1-A2E3-66B7707EA977}
	EndGlobalSection
EndGlobal
