
Microsoft Visual Studio Solution File, Format Version 12.00
# Visual Studio Version 17
VisualStudioVersion = 17.9.34321.82
MinimumVisualStudioVersion = 10.0.40219.1
Project("{9A19103F-16F7-4668-BE54-9A1E7A4F7556}") = "engine", "engine.csproj", "{C1C6EBF8-E423-4DAA-AB72-AD9605A94154}"
EndProject
Global
	GlobalSection(SolutionConfigurationPlatforms) = preSolution
		Debug|Any CPU = Debug|Any CPU
		Release|Any CPU = Release|Any CPU
	EndGlobalSection
	GlobalSection(ProjectConfigurationPlatforms) = postSolution
		{C1C6EBF8-E423-4DAA-AB72-AD9605A94154}.Debug|Any CPU.ActiveCfg = Debug|Any CPU
		{C1C6EBF8-E423-4DAA-AB72-AD9605A94154}.Debug|Any CPU.Build.0 = Debug|Any CPU
		{C1C6EBF8-E423-4DAA-AB72-AD9605A94154}.Release|Any CPU.ActiveCfg = Release|Any CPU
		{C1C6EBF8-E423-4DAA-AB72-AD9605A94154}.Release|Any CPU.Build.0 = Release|Any CPU
	EndGlobalSection
	GlobalSection(SolutionProperties) = preSolution
		HideSolutionNode = FALSE
	EndGlobalSection
	GlobalSection(ExtensibilityGlobals) = postSolution
		SolutionGuid = {4056C465-F261-4540-93FD-0EC6DB9B2A0B}
	EndGlobalSection
EndGlobal
